// !$*UTF8*$!
{
	archiveVersion = 1;
	classes = {
	};
	objectVersion = 48;
	objects = {

/* Begin PBXBuildFile section */
		4D49A6C01FE402AD00101ABA /* FancyField.swift in Sources */ = {isa = PBXBuildFile; fileRef = 4D49A6BF1FE402AD00101ABA /* FancyField.swift */; };
		4D49A6C21FE4924300101ABA /* FancyButton.swift in Sources */ = {isa = PBXBuildFile; fileRef = 4D49A6C11FE4924300101ABA /* FancyButton.swift */; };
		4D49A6C41FE4B40E00101ABA /* GoogleService-Info.plist in Resources */ = {isa = PBXBuildFile; fileRef = 4D49A6C31FE4AE8000101ABA /* GoogleService-Info.plist */; };
		4D49A6C61FE4C37000101ABA /* OnlineUsersViewController.swift in Sources */ = {isa = PBXBuildFile; fileRef = 4D49A6C51FE4C37000101ABA /* OnlineUsersViewController.swift */; };
		4D49A6C91FE4C50E00101ABA /* User.swift in Sources */ = {isa = PBXBuildFile; fileRef = 4D49A6C81FE4C50E00101ABA /* User.swift */; };
		4D49A6CB1FE4CA2E00101ABA /* UserCell.swift in Sources */ = {isa = PBXBuildFile; fileRef = 4D49A6CA1FE4CA2E00101ABA /* UserCell.swift */; };
		4D49A6CE1FE533D500101ABA /* ChatroomViewController.swift in Sources */ = {isa = PBXBuildFile; fileRef = 4D49A6CD1FE533D500101ABA /* ChatroomViewController.swift */; };
		4DCE9F5F1FE216EA00A61070 /* AppDelegate.swift in Sources */ = {isa = PBXBuildFile; fileRef = 4DCE9F5E1FE216EA00A61070 /* AppDelegate.swift */; };
		4DCE9F611FE216EA00A61070 /* LoginViewController.swift in Sources */ = {isa = PBXBuildFile; fileRef = 4DCE9F601FE216EA00A61070 /* LoginViewController.swift */; };
		4DCE9F641FE216EA00A61070 /* Main.storyboard in Resources */ = {isa = PBXBuildFile; fileRef = 4DCE9F621FE216EA00A61070 /* Main.storyboard */; };
		4DCE9F661FE216EA00A61070 /* Assets.xcassets in Resources */ = {isa = PBXBuildFile; fileRef = 4DCE9F651FE216EA00A61070 /* Assets.xcassets */; };
		4DCE9F691FE216EA00A61070 /* LaunchScreen.storyboard in Resources */ = {isa = PBXBuildFile; fileRef = 4DCE9F671FE216EA00A61070 /* LaunchScreen.storyboard */; };
		4DCE9F741FE216EA00A61070 /* TalkTalkTests.swift in Sources */ = {isa = PBXBuildFile; fileRef = 4DCE9F731FE216EA00A61070 /* TalkTalkTests.swift */; };
		748641D0B10B38067001FB93 /* Pods_TalkTalkTests.framework in Frameworks */ = {isa = PBXBuildFile; fileRef = D9E8850D8810532AE1E015B6 /* Pods_TalkTalkTests.framework */; };
		8DDF4028F7B409B5F1FB6C19 /* Pods_TalkTalk.framework in Frameworks */ = {isa = PBXBuildFile; fileRef = CACB64EB9D61860B463CBACE /* Pods_TalkTalk.framework */; };
/* End PBXBuildFile section */

/* Begin PBXContainerItemProxy section */
		4DCE9F701FE216EA00A61070 /* PBXContainerItemProxy */ = {
			isa = PBXContainerItemProxy;
			containerPortal = 4DCE9F531FE216EA00A61070 /* Project object */;
			proxyType = 1;
			remoteGlobalIDString = 4DCE9F5A1FE216EA00A61070;
			remoteInfo = TalkTalk;
		};
/* End PBXContainerItemProxy section */

/* Begin PBXFileReference section */
		1382275BF31836115A51CDC1 /* Pods-TalkTalk.release.xcconfig */ = {isa = PBXFileReference; includeInIndex = 1; lastKnownFileType = text.xcconfig; name = "Pods-TalkTalk.release.xcconfig"; path = "Pods/Target Support Files/Pods-TalkTalk/Pods-TalkTalk.release.xcconfig"; sourceTree = "<group>"; };
		35692E46873344851AE76CCA /* Pods-TalkTalk.debug.xcconfig */ = {isa = PBXFileReference; includeInIndex = 1; lastKnownFileType = text.xcconfig; name = "Pods-TalkTalk.debug.xcconfig"; path = "Pods/Target Support Files/Pods-TalkTalk/Pods-TalkTalk.debug.xcconfig"; sourceTree = "<group>"; };
		4D49A6BF1FE402AD00101ABA /* FancyField.swift */ = {isa = PBXFileReference; lastKnownFileType = sourcecode.swift; path = FancyField.swift; sourceTree = "<group>"; };
		4D49A6C11FE4924300101ABA /* FancyButton.swift */ = {isa = PBXFileReference; lastKnownFileType = sourcecode.swift; path = FancyButton.swift; sourceTree = "<group>"; };
		4D49A6C31FE4AE8000101ABA /* GoogleService-Info.plist */ = {isa = PBXFileReference; lastKnownFileType = text.plist.xml; path = "GoogleService-Info.plist"; sourceTree = "<group>"; };
		4D49A6C51FE4C37000101ABA /* OnlineUsersViewController.swift */ = {isa = PBXFileReference; lastKnownFileType = sourcecode.swift; path = OnlineUsersViewController.swift; sourceTree = "<group>"; };
		4D49A6C81FE4C50E00101ABA /* User.swift */ = {isa = PBXFileReference; lastKnownFileType = sourcecode.swift; path = User.swift; sourceTree = "<group>"; };
		4D49A6CA1FE4CA2E00101ABA /* UserCell.swift */ = {isa = PBXFileReference; lastKnownFileType = sourcecode.swift; path = UserCell.swift; sourceTree = "<group>"; };
		4D49A6CD1FE533D500101ABA /* ChatroomViewController.swift */ = {isa = PBXFileReference; lastKnownFileType = sourcecode.swift; path = ChatroomViewController.swift; sourceTree = "<group>"; };
		4DCE9F5B1FE216EA00A61070 /* TalkTalk.app */ = {isa = PBXFileReference; explicitFileType = wrapper.application; includeInIndex = 0; path = TalkTalk.app; sourceTree = BUILT_PRODUCTS_DIR; };
		4DCE9F5E1FE216EA00A61070 /* AppDelegate.swift */ = {isa = PBXFileReference; lastKnownFileType = sourcecode.swift; path = AppDelegate.swift; sourceTree = "<group>"; };
		4DCE9F601FE216EA00A61070 /* LoginViewController.swift */ = {isa = PBXFileReference; lastKnownFileType = sourcecode.swift; path = LoginViewController.swift; sourceTree = "<group>"; };
		4DCE9F631FE216EA00A61070 /* Base */ = {isa = PBXFileReference; lastKnownFileType = file.storyboard; name = Base; path = Base.lproj/Main.storyboard; sourceTree = "<group>"; };
		4DCE9F651FE216EA00A61070 /* Assets.xcassets */ = {isa = PBXFileReference; lastKnownFileType = folder.assetcatalog; path = Assets.xcassets; sourceTree = "<group>"; };
		4DCE9F681FE216EA00A61070 /* Base */ = {isa = PBXFileReference; lastKnownFileType = file.storyboard; name = Base; path = Base.lproj/LaunchScreen.storyboard; sourceTree = "<group>"; };
		4DCE9F6A1FE216EA00A61070 /* Info.plist */ = {isa = PBXFileReference; lastKnownFileType = text.plist.xml; path = Info.plist; sourceTree = "<group>"; };
		4DCE9F6F1FE216EA00A61070 /* TalkTalkTests.xctest */ = {isa = PBXFileReference; explicitFileType = wrapper.cfbundle; includeInIndex = 0; path = TalkTalkTests.xctest; sourceTree = BUILT_PRODUCTS_DIR; };
		4DCE9F731FE216EA00A61070 /* TalkTalkTests.swift */ = {isa = PBXFileReference; lastKnownFileType = sourcecode.swift; path = TalkTalkTests.swift; sourceTree = "<group>"; };
		4DCE9F751FE216EA00A61070 /* Info.plist */ = {isa = PBXFileReference; lastKnownFileType = text.plist.xml; path = Info.plist; sourceTree = "<group>"; };
		5A081D009280D94B80C0402E /* Pods-TalkTalkTests.release.xcconfig */ = {isa = PBXFileReference; includeInIndex = 1; lastKnownFileType = text.xcconfig; name = "Pods-TalkTalkTests.release.xcconfig"; path = "Pods/Target Support Files/Pods-TalkTalkTests/Pods-TalkTalkTests.release.xcconfig"; sourceTree = "<group>"; };
		BE0D1D51619C34E733AB4143 /* Pods-TalkTalkTests.debug.xcconfig */ = {isa = PBXFileReference; includeInIndex = 1; lastKnownFileType = text.xcconfig; name = "Pods-TalkTalkTests.debug.xcconfig"; path = "Pods/Target Support Files/Pods-TalkTalkTests/Pods-TalkTalkTests.debug.xcconfig"; sourceTree = "<group>"; };
		CACB64EB9D61860B463CBACE /* Pods_TalkTalk.framework */ = {isa = PBXFileReference; explicitFileType = wrapper.framework; includeInIndex = 0; path = Pods_TalkTalk.framework; sourceTree = BUILT_PRODUCTS_DIR; };
		D9E8850D8810532AE1E015B6 /* Pods_TalkTalkTests.framework */ = {isa = PBXFileReference; explicitFileType = wrapper.framework; includeInIndex = 0; path = Pods_TalkTalkTests.framework; sourceTree = BUILT_PRODUCTS_DIR; };
/* End PBXFileReference section */

/* Begin PBXFrameworksBuildPhase section */
		4DCE9F581FE216EA00A61070 /* Frameworks */ = {
			isa = PBXFrameworksBuildPhase;
			buildActionMask = 2147483647;
			files = (
				8DDF4028F7B409B5F1FB6C19 /* Pods_TalkTalk.framework in Frameworks */,
			);
			runOnlyForDeploymentPostprocessing = 0;
		};
		4DCE9F6C1FE216EA00A61070 /* Frameworks */ = {
			isa = PBXFrameworksBuildPhase;
			buildActionMask = 2147483647;
			files = (
				748641D0B10B38067001FB93 /* Pods_TalkTalkTests.framework in Frameworks */,
			);
			runOnlyForDeploymentPostprocessing = 0;
		};
/* End PBXFrameworksBuildPhase section */

/* Begin PBXGroup section */
		16EF19B16ADA288FD4402718 /* Frameworks */ = {
			isa = PBXGroup;
			children = (
				CACB64EB9D61860B463CBACE /* Pods_TalkTalk.framework */,
				D9E8850D8810532AE1E015B6 /* Pods_TalkTalkTests.framework */,
			);
			name = Frameworks;
			sourceTree = "<group>";
		};
		4D49A6BE1FE4028800101ABA /* Login */ = {
			isa = PBXGroup;
			children = (
				4D49A6BF1FE402AD00101ABA /* FancyField.swift */,
				4D49A6C11FE4924300101ABA /* FancyButton.swift */,
			);
			path = Login;
			sourceTree = "<group>";
		};
		4D49A6C71FE4C39D00101ABA /* OnlineUsers */ = {
			isa = PBXGroup;
			children = (
				4D49A6CA1FE4CA2E00101ABA /* UserCell.swift */,
			);
			path = OnlineUsers;
			sourceTree = "<group>";
		};
		4D49A6CC1FE50E1000101ABA /* Storyboard */ = {
			isa = PBXGroup;
			children = (
				4DCE9F621FE216EA00A61070 /* Main.storyboard */,
				4DCE9F671FE216EA00A61070 /* LaunchScreen.storyboard */,
			);
			path = Storyboard;
			sourceTree = "<group>";
		};
		4DAF48491FE39AFF0047A642 /* Model */ = {
			isa = PBXGroup;
			children = (
				4D49A6C81FE4C50E00101ABA /* User.swift */,
			);
			path = Model;
			sourceTree = "<group>";
		};
		4DAF484B1FE39B130047A642 /* View */ = {
			isa = PBXGroup;
			children = (
				4D49A6CC1FE50E1000101ABA /* Storyboard */,
				4D49A6C71FE4C39D00101ABA /* OnlineUsers */,
				4D49A6BE1FE4028800101ABA /* Login */,
			);
			path = View;
			sourceTree = "<group>";
		};
		4DAF484C1FE39B1B0047A642 /* Controller */ = {
			isa = PBXGroup;
			children = (
				4DCE9F601FE216EA00A61070 /* LoginViewController.swift */,
				4D49A6C51FE4C37000101ABA /* OnlineUsersViewController.swift */,
				4D49A6CD1FE533D500101ABA /* ChatroomViewController.swift */,
			);
			path = Controller;
			sourceTree = "<group>";
		};
		4DCE9F521FE216EA00A61070 = {
			isa = PBXGroup;
			children = (
				4DCE9F5D1FE216EA00A61070 /* TalkTalk */,
				4DCE9F721FE216EA00A61070 /* TalkTalkTests */,
				4DCE9F5C1FE216EA00A61070 /* Products */,
				8DE8345665FEFB94DFF2BE98 /* Pods */,
				16EF19B16ADA288FD4402718 /* Frameworks */,
			);
			sourceTree = "<group>";
		};
		4DCE9F5C1FE216EA00A61070 /* Products */ = {
			isa = PBXGroup;
			children = (
				4DCE9F5B1FE216EA00A61070 /* TalkTalk.app */,
				4DCE9F6F1FE216EA00A61070 /* TalkTalkTests.xctest */,
			);
			name = Products;
			sourceTree = "<group>";
		};
		4DCE9F5D1FE216EA00A61070 /* TalkTalk */ = {
			isa = PBXGroup;
			children = (
				4DAF484C1FE39B1B0047A642 /* Controller */,
				4DAF484B1FE39B130047A642 /* View */,
				4DAF48491FE39AFF0047A642 /* Model */,
				4DCE9F5E1FE216EA00A61070 /* AppDelegate.swift */,
				4DCE9F651FE216EA00A61070 /* Assets.xcassets */,
				4DCE9F6A1FE216EA00A61070 /* Info.plist */,
				4D49A6C31FE4AE8000101ABA /* GoogleService-Info.plist */,
			);
			path = TalkTalk;
			sourceTree = "<group>";
		};
		4DCE9F721FE216EA00A61070 /* TalkTalkTests */ = {
			isa = PBXGroup;
			children = (
				4DCE9F731FE216EA00A61070 /* TalkTalkTests.swift */,
				4DCE9F751FE216EA00A61070 /* Info.plist */,
			);
			path = TalkTalkTests;
			sourceTree = "<group>";
		};
		8DE8345665FEFB94DFF2BE98 /* Pods */ = {
			isa = PBXGroup;
			children = (
				35692E46873344851AE76CCA /* Pods-TalkTalk.debug.xcconfig */,
				1382275BF31836115A51CDC1 /* Pods-TalkTalk.release.xcconfig */,
				BE0D1D51619C34E733AB4143 /* Pods-TalkTalkTests.debug.xcconfig */,
				5A081D009280D94B80C0402E /* Pods-TalkTalkTests.release.xcconfig */,
			);
			name = Pods;
			sourceTree = "<group>";
		};
/* End PBXGroup section */

/* Begin PBXNativeTarget section */
		4DCE9F5A1FE216EA00A61070 /* TalkTalk */ = {
			isa = PBXNativeTarget;
			buildConfigurationList = 4DCE9F781FE216EA00A61070 /* Build configuration list for PBXNativeTarget "TalkTalk" */;
			buildPhases = (
				00141D251B179265FFAF35DF /* [CP] Check Pods Manifest.lock */,
				4DCE9F571FE216EA00A61070 /* Sources */,
				4DCE9F581FE216EA00A61070 /* Frameworks */,
				4DCE9F591FE216EA00A61070 /* Resources */,
				737D1C9FDC95B494D6CA74C2 /* [CP] Embed Pods Frameworks */,
				8F5AF04C8BD8E55C3510D078 /* [CP] Copy Pods Resources */,
			);
			buildRules = (
			);
			dependencies = (
			);
			name = TalkTalk;
			productName = TalkTalk;
			productReference = 4DCE9F5B1FE216EA00A61070 /* TalkTalk.app */;
			productType = "com.apple.product-type.application";
		};
		4DCE9F6E1FE216EA00A61070 /* TalkTalkTests */ = {
			isa = PBXNativeTarget;
			buildConfigurationList = 4DCE9F7B1FE216EA00A61070 /* Build configuration list for PBXNativeTarget "TalkTalkTests" */;
			buildPhases = (
				BF76E7B8C287DC9B8E9530BC /* [CP] Check Pods Manifest.lock */,
				4DCE9F6B1FE216EA00A61070 /* Sources */,
				4DCE9F6C1FE216EA00A61070 /* Frameworks */,
				4DCE9F6D1FE216EA00A61070 /* Resources */,
				8C3D1D98FD4C02FA77D534AA /* [CP] Embed Pods Frameworks */,
				FC55B6FFFD690FA140ED9997 /* [CP] Copy Pods Resources */,
			);
			buildRules = (
			);
			dependencies = (
				4DCE9F711FE216EA00A61070 /* PBXTargetDependency */,
			);
			name = TalkTalkTests;
			productName = TalkTalkTests;
			productReference = 4DCE9F6F1FE216EA00A61070 /* TalkTalkTests.xctest */;
			productType = "com.apple.product-type.bundle.unit-test";
		};
/* End PBXNativeTarget section */

/* Begin PBXProject section */
		4DCE9F531FE216EA00A61070 /* Project object */ = {
			isa = PBXProject;
			attributes = {
				LastSwiftUpdateCheck = 0900;
				LastUpgradeCheck = 0900;
				ORGANIZATIONNAME = WuKaipeng;
				TargetAttributes = {
					4DCE9F5A1FE216EA00A61070 = {
						CreatedOnToolsVersion = 9.0;
						ProvisioningStyle = Automatic;
					};
					4DCE9F6E1FE216EA00A61070 = {
						CreatedOnToolsVersion = 9.0;
						ProvisioningStyle = Automatic;
						TestTargetID = 4DCE9F5A1FE216EA00A61070;
					};
				};
			};
			buildConfigurationList = 4DCE9F561FE216EA00A61070 /* Build configuration list for PBXProject "TalkTalk" */;
			compatibilityVersion = "Xcode 8.0";
			developmentRegion = en;
			hasScannedForEncodings = 0;
			knownRegions = (
				en,
				Base,
			);
			mainGroup = 4DCE9F521FE216EA00A61070;
			productRefGroup = 4DCE9F5C1FE216EA00A61070 /* Products */;
			projectDirPath = "";
			projectRoot = "";
			targets = (
				4DCE9F5A1FE216EA00A61070 /* TalkTalk */,
				4DCE9F6E1FE216EA00A61070 /* TalkTalkTests */,
			);
		};
/* End PBXProject section */

/* Begin PBXResourcesBuildPhase section */
		4DCE9F591FE216EA00A61070 /* Resources */ = {
			isa = PBXResourcesBuildPhase;
			buildActionMask = 2147483647;
			files = (
				4DCE9F691FE216EA00A61070 /* LaunchScreen.storyboard in Resources */,
				4D49A6C41FE4B40E00101ABA /* GoogleService-Info.plist in Resources */,
				4DCE9F661FE216EA00A61070 /* Assets.xcassets in Resources */,
				4DCE9F641FE216EA00A61070 /* Main.storyboard in Resources */,
			);
			runOnlyForDeploymentPostprocessing = 0;
		};
		4DCE9F6D1FE216EA00A61070 /* Resources */ = {
			isa = PBXResourcesBuildPhase;
			buildActionMask = 2147483647;
			files = (
			);
			runOnlyForDeploymentPostprocessing = 0;
		};
/* End PBXResourcesBuildPhase section */

/* Begin PBXShellScriptBuildPhase section */
		00141D251B179265FFAF35DF /* [CP] Check Pods Manifest.lock */ = {
			isa = PBXShellScriptBuildPhase;
			buildActionMask = 2147483647;
			files = (
			);
			inputPaths = (
				"${PODS_PODFILE_DIR_PATH}/Podfile.lock",
				"${PODS_ROOT}/Manifest.lock",
			);
			name = "[CP] Check Pods Manifest.lock";
			outputPaths = (
				"$(DERIVED_FILE_DIR)/Pods-TalkTalk-checkManifestLockResult.txt",
			);
			runOnlyForDeploymentPostprocessing = 0;
			shellPath = /bin/sh;
			shellScript = "diff \"${PODS_PODFILE_DIR_PATH}/Podfile.lock\" \"${PODS_ROOT}/Manifest.lock\" > /dev/null\nif [ $? != 0 ] ; then\n    # print error to STDERR\n    echo \"error: The sandbox is not in sync with the Podfile.lock. Run 'pod install' or update your CocoaPods installation.\" >&2\n    exit 1\nfi\n# This output is used by Xcode 'outputs' to avoid re-running this script phase.\necho \"SUCCESS\" > \"${SCRIPT_OUTPUT_FILE_0}\"\n";
			showEnvVarsInLog = 0;
		};
		737D1C9FDC95B494D6CA74C2 /* [CP] Embed Pods Frameworks */ = {
			isa = PBXShellScriptBuildPhase;
			buildActionMask = 2147483647;
			files = (
			);
			inputPaths = (
				"${SRCROOT}/Pods/Target Support Files/Pods-TalkTalk/Pods-TalkTalk-frameworks.sh",
				"${BUILT_PRODUCTS_DIR}/ChameleonFramework/ChameleonFramework.framework",
				"${BUILT_PRODUCTS_DIR}/GTMSessionFetcher/GTMSessionFetcher.framework",
				"${BUILT_PRODUCTS_DIR}/GoogleToolboxForMac/GoogleToolboxForMac.framework",
				"${BUILT_PRODUCTS_DIR}/JSQMessagesViewController/JSQMessagesViewController.framework",
				"${BUILT_PRODUCTS_DIR}/leveldb-library/leveldb.framework",
				"${BUILT_PRODUCTS_DIR}/nanopb/nanopb.framework",
			);
			name = "[CP] Embed Pods Frameworks";
			outputPaths = (
				"${TARGET_BUILD_DIR}/${FRAMEWORKS_FOLDER_PATH}/ChameleonFramework.framework",
				"${TARGET_BUILD_DIR}/${FRAMEWORKS_FOLDER_PATH}/GTMSessionFetcher.framework",
				"${TARGET_BUILD_DIR}/${FRAMEWORKS_FOLDER_PATH}/GoogleToolboxForMac.framework",
				"${TARGET_BUILD_DIR}/${FRAMEWORKS_FOLDER_PATH}/JSQMessagesViewController.framework",
				"${TARGET_BUILD_DIR}/${FRAMEWORKS_FOLDER_PATH}/leveldb.framework",
				"${TARGET_BUILD_DIR}/${FRAMEWORKS_FOLDER_PATH}/nanopb.framework",
			);
			runOnlyForDeploymentPostprocessing = 0;
			shellPath = /bin/sh;
			shellScript = "\"${SRCROOT}/Pods/Target Support Files/Pods-TalkTalk/Pods-TalkTalk-frameworks.sh\"\n";
			showEnvVarsInLog = 0;
		};
		8C3D1D98FD4C02FA77D534AA /* [CP] Embed Pods Frameworks */ = {
			isa = PBXShellScriptBuildPhase;
			buildActionMask = 2147483647;
			files = (
			);
			inputPaths = (
			);
			name = "[CP] Embed Pods Frameworks";
			outputPaths = (
			);
			runOnlyForDeploymentPostprocessing = 0;
			shellPath = /bin/sh;
			shellScript = "\"${SRCROOT}/Pods/Target Support Files/Pods-TalkTalkTests/Pods-TalkTalkTests-frameworks.sh\"\n";
			showEnvVarsInLog = 0;
		};
		8F5AF04C8BD8E55C3510D078 /* [CP] Copy Pods Resources */ = {
			isa = PBXShellScriptBuildPhase;
			buildActionMask = 2147483647;
			files = (
			);
			inputPaths = (
			);
			name = "[CP] Copy Pods Resources";
			outputPaths = (
			);
			runOnlyForDeploymentPostprocessing = 0;
			shellPath = /bin/sh;
			shellScript = "\"${SRCROOT}/Pods/Target Support Files/Pods-TalkTalk/Pods-TalkTalk-resources.sh\"\n";
			showEnvVarsInLog = 0;
		};
		BF76E7B8C287DC9B8E9530BC /* [CP] Check Pods Manifest.lock */ = {
			isa = PBXShellScriptBuildPhase;
			buildActionMask = 2147483647;
			files = (
			);
			inputPaths = (
				"${PODS_PODFILE_DIR_PATH}/Podfile.lock",
				"${PODS_ROOT}/Manifest.lock",
			);
			name = "[CP] Check Pods Manifest.lock";
			outputPaths = (
				"$(DERIVED_FILE_DIR)/Pods-TalkTalkTests-checkManifestLockResult.txt",
			);
			runOnlyForDeploymentPostprocessing = 0;
			shellPath = /bin/sh;
			shellScript = "diff \"${PODS_PODFILE_DIR_PATH}/Podfile.lock\" \"${PODS_ROOT}/Manifest.lock\" > /dev/null\nif [ $? != 0 ] ; then\n    # print error to STDERR\n    echo \"error: The sandbox is not in sync with the Podfile.lock. Run 'pod install' or update your CocoaPods installation.\" >&2\n    exit 1\nfi\n# This output is used by Xcode 'outputs' to avoid re-running this script phase.\necho \"SUCCESS\" > \"${SCRIPT_OUTPUT_FILE_0}\"\n";
			showEnvVarsInLog = 0;
		};
		FC55B6FFFD690FA140ED9997 /* [CP] Copy Pods Resources */ = {
			isa = PBXShellScriptBuildPhase;
			buildActionMask = 2147483647;
			files = (
			);
			inputPaths = (
			);
			name = "[CP] Copy Pods Resources";
			outputPaths = (
			);
			runOnlyForDeploymentPostprocessing = 0;
			shellPath = /bin/sh;
			shellScript = "\"${SRCROOT}/Pods/Target Support Files/Pods-TalkTalkTests/Pods-TalkTalkTests-resources.sh\"\n";
			showEnvVarsInLog = 0;
		};
/* End PBXShellScriptBuildPhase section */

/* Begin PBXSourcesBuildPhase section */
		4DCE9F571FE216EA00A61070 /* Sources */ = {
			isa = PBXSourcesBuildPhase;
			buildActionMask = 2147483647;
			files = (
				4DCE9F611FE216EA00A61070 /* LoginViewController.swift in Sources */,
				4D49A6C21FE4924300101ABA /* FancyButton.swift in Sources */,
				4D49A6C91FE4C50E00101ABA /* User.swift in Sources */,
				4D49A6CE1FE533D500101ABA /* ChatroomViewController.swift in Sources */,
				4DCE9F5F1FE216EA00A61070 /* AppDelegate.swift in Sources */,
				4D49A6C01FE402AD00101ABA /* FancyField.swift in Sources */,
				4D49A6C61FE4C37000101ABA /* OnlineUsersViewController.swift in Sources */,
				4D49A6CB1FE4CA2E00101ABA /* UserCell.swift in Sources */,
			);
			runOnlyForDeploymentPostprocessing = 0;
		};
		4DCE9F6B1FE216EA00A61070 /* Sources */ = {
			isa = PBXSourcesBuildPhase;
			buildActionMask = 2147483647;
			files = (
				4DCE9F741FE216EA00A61070 /* TalkTalkTests.swift in Sources */,
			);
			runOnlyForDeploymentPostprocessing = 0;
		};
/* End PBXSourcesBuildPhase section */

/* Begin PBXTargetDependency section */
		4DCE9F711FE216EA00A61070 /* PBXTargetDependency */ = {
			isa = PBXTargetDependency;
			target = 4DCE9F5A1FE216EA00A61070 /* TalkTalk */;
			targetProxy = 4DCE9F701FE216EA00A61070 /* PBXContainerItemProxy */;
		};
/* End PBXTargetDependency section */

/* Begin PBXVariantGroup section */
		4DCE9F621FE216EA00A61070 /* Main.storyboard */ = {
			isa = PBXVariantGroup;
			children = (
				4DCE9F631FE216EA00A61070 /* Base */,
			);
			name = Main.storyboard;
			sourceTree = "<group>";
		};
		4DCE9F671FE216EA00A61070 /* LaunchScreen.storyboard */ = {
			isa = PBXVariantGroup;
			children = (
				4DCE9F681FE216EA00A61070 /* Base */,
			);
			name = LaunchScreen.storyboard;
			sourceTree = "<group>";
		};
/* End PBXVariantGroup section */

/* Begin XCBuildConfiguration section */
		4DCE9F761FE216EA00A61070 /* Debug */ = {
			isa = XCBuildConfiguration;
			buildSettings = {
				ALWAYS_SEARCH_USER_PATHS = NO;
				CLANG_ANALYZER_NONNULL = YES;
				CLANG_ANALYZER_NUMBER_OBJECT_CONVERSION = YES_AGGRESSIVE;
				CLANG_CXX_LANGUAGE_STANDARD = "gnu++14";
				CLANG_CXX_LIBRARY = "libc++";
				CLANG_ENABLE_MODULES = YES;
				CLANG_ENABLE_OBJC_ARC = YES;
				CLANG_WARN_BLOCK_CAPTURE_AUTORELEASING = YES;
				CLANG_WARN_BOOL_CONVERSION = YES;
				CLANG_WARN_COMMA = YES;
				CLANG_WARN_CONSTANT_CONVERSION = YES;
				CLANG_WARN_DIRECT_OBJC_ISA_USAGE = YES_ERROR;
				CLANG_WARN_DOCUMENTATION_COMMENTS = YES;
				CLANG_WARN_EMPTY_BODY = YES;
				CLANG_WARN_ENUM_CONVERSION = YES;
				CLANG_WARN_INFINITE_RECURSION = YES;
				CLANG_WARN_INT_CONVERSION = YES;
				CLANG_WARN_NON_LITERAL_NULL_CONVERSION = YES;
				CLANG_WARN_OBJC_LITERAL_CONVERSION = YES;
				CLANG_WARN_OBJC_ROOT_CLASS = YES_ERROR;
				CLANG_WARN_RANGE_LOOP_ANALYSIS = YES;
				CLANG_WARN_STRICT_PROTOTYPES = YES;
				CLANG_WARN_SUSPICIOUS_MOVE = YES;
				CLANG_WARN_UNGUARDED_AVAILABILITY = YES_AGGRESSIVE;
				CLANG_WARN_UNREACHABLE_CODE = YES;
				CLANG_WARN__DUPLICATE_METHOD_MATCH = YES;
				CODE_SIGN_IDENTITY = "iPhone Developer";
				COPY_PHASE_STRIP = NO;
				DEBUG_INFORMATION_FORMAT = dwarf;
				ENABLE_STRICT_OBJC_MSGSEND = YES;
				ENABLE_TESTABILITY = YES;
				GCC_C_LANGUAGE_STANDARD = gnu11;
				GCC_DYNAMIC_NO_PIC = NO;
				GCC_NO_COMMON_BLOCKS = YES;
				GCC_OPTIMIZATION_LEVEL = 0;
				GCC_PREPROCESSOR_DEFINITIONS = (
					"DEBUG=1",
					"$(inherited)",
				);
				GCC_WARN_64_TO_32_BIT_CONVERSION = YES;
				GCC_WARN_ABOUT_RETURN_TYPE = YES_ERROR;
				GCC_WARN_UNDECLARED_SELECTOR = YES;
				GCC_WARN_UNINITIALIZED_AUTOS = YES_AGGRESSIVE;
				GCC_WARN_UNUSED_FUNCTION = YES;
				GCC_WARN_UNUSED_VARIABLE = YES;
				IPHONEOS_DEPLOYMENT_TARGET = 11.0;
				MTL_ENABLE_DEBUG_INFO = YES;
				ONLY_ACTIVE_ARCH = YES;
				SDKROOT = iphoneos;
				SWIFT_ACTIVE_COMPILATION_CONDITIONS = DEBUG;
				SWIFT_OPTIMIZATION_LEVEL = "-Onone";
			};
			name = Debug;
		};
		4DCE9F771FE216EA00A61070 /* Release */ = {
			isa = XCBuildConfiguration;
			buildSettings = {
				ALWAYS_SEARCH_USER_PATHS = NO;
				CLANG_ANALYZER_NONNULL = YES;
				CLANG_ANALYZER_NUMBER_OBJECT_CONVERSION = YES_AGGRESSIVE;
				CLANG_CXX_LANGUAGE_STANDARD = "gnu++14";
				CLANG_CXX_LIBRARY = "libc++";
				CLANG_ENABLE_MODULES = YES;
				CLANG_ENABLE_OBJC_ARC = YES;
				CLANG_WARN_BLOCK_CAPTURE_AUTORELEASING = YES;
				CLANG_WARN_BOOL_CONVERSION = YES;
				CLANG_WARN_COMMA = YES;
				CLANG_WARN_CONSTANT_CONVERSION = YES;
				CLANG_WARN_DIRECT_OBJC_ISA_USAGE = YES_ERROR;
				CLANG_WARN_DOCUMENTATION_COMMENTS = YES;
				CLANG_WARN_EMPTY_BODY = YES;
				CLANG_WARN_ENUM_CONVERSION = YES;
				CLANG_WARN_INFINITE_RECURSION = YES;
				CLANG_WARN_INT_CONVERSION = YES;
				CLANG_WARN_NON_LITERAL_NULL_CONVERSION = YES;
				CLANG_WARN_OBJC_LITERAL_CONVERSION = YES;
				CLANG_WARN_OBJC_ROOT_CLASS = YES_ERROR;
				CLANG_WARN_RANGE_LOOP_ANALYSIS = YES;
				CLANG_WARN_STRICT_PROTOTYPES = YES;
				CLANG_WARN_SUSPICIOUS_MOVE = YES;
				CLANG_WARN_UNGUARDED_AVAILABILITY = YES_AGGRESSIVE;
				CLANG_WARN_UNREACHABLE_CODE = YES;
				CLANG_WARN__DUPLICATE_METHOD_MATCH = YES;
				CODE_SIGN_IDENTITY = "iPhone Developer";
				COPY_PHASE_STRIP = NO;
				DEBUG_INFORMATION_FORMAT = "dwarf-with-dsym";
				ENABLE_NS_ASSERTIONS = NO;
				ENABLE_STRICT_OBJC_MSGSEND = YES;
				GCC_C_LANGUAGE_STANDARD = gnu11;
				GCC_NO_COMMON_BLOCKS = YES;
				GCC_WARN_64_TO_32_BIT_CONVERSION = YES;
				GCC_WARN_ABOUT_RETURN_TYPE = YES_ERROR;
				GCC_WARN_UNDECLARED_SELECTOR = YES;
				GCC_WARN_UNINITIALIZED_AUTOS = YES_AGGRESSIVE;
				GCC_WARN_UNUSED_FUNCTION = YES;
				GCC_WARN_UNUSED_VARIABLE = YES;
				IPHONEOS_DEPLOYMENT_TARGET = 11.0;
				MTL_ENABLE_DEBUG_INFO = NO;
				SDKROOT = iphoneos;
				SWIFT_OPTIMIZATION_LEVEL = "-Owholemodule";
				VALIDATE_PRODUCT = YES;
			};
			name = Release;
		};
		4DCE9F791FE216EA00A61070 /* Debug */ = {
			isa = XCBuildConfiguration;
			baseConfigurationReference = 35692E46873344851AE76CCA /* Pods-TalkTalk.debug.xcconfig */;
			buildSettings = {
				ASSETCATALOG_COMPILER_APPICON_NAME = AppIcon;
				CODE_SIGN_STYLE = Automatic;
				INFOPLIST_FILE = TalkTalk/Info.plist;
				LD_RUNPATH_SEARCH_PATHS = "$(inherited) @executable_path/Frameworks";
				PRODUCT_BUNDLE_IDENTIFIER = com.kaip598.TalkTalk;
				PRODUCT_NAME = "$(TARGET_NAME)";
				SWIFT_VERSION = 4.0;
				TARGETED_DEVICE_FAMILY = "1,2";
			};
			name = Debug;
		};
		4DCE9F7A1FE216EA00A61070 /* Release */ = {
			isa = XCBuildConfiguration;
			baseConfigurationReference = 1382275BF31836115A51CDC1 /* Pods-TalkTalk.release.xcconfig */;
			buildSettings = {
				ASSETCATALOG_COMPILER_APPICON_NAME = AppIcon;
				CODE_SIGN_STYLE = Automatic;
				INFOPLIST_FILE = TalkTalk/Info.plist;
				LD_RUNPATH_SEARCH_PATHS = "$(inherited) @executable_path/Frameworks";
				PRODUCT_BUNDLE_IDENTIFIER = com.kaip598.TalkTalk;
				PRODUCT_NAME = "$(TARGET_NAME)";
				SWIFT_VERSION = 4.0;
				TARGETED_DEVICE_FAMILY = "1,2";
			};
			name = Release;
		};
		4DCE9F7C1FE216EA00A61070 /* Debug */ = {
			isa = XCBuildConfiguration;
			baseConfigurationReference = BE0D1D51619C34E733AB4143 /* Pods-TalkTalkTests.debug.xcconfig */;
			buildSettings = {
				ALWAYS_EMBED_SWIFT_STANDARD_LIBRARIES = YES;
				BUNDLE_LOADER = "$(TEST_HOST)";
				CODE_SIGN_STYLE = Automatic;
				INFOPLIST_FILE = TalkTalkTests/Info.plist;
				LD_RUNPATH_SEARCH_PATHS = "$(inherited) @executable_path/Frameworks @loader_path/Frameworks";
				PRODUCT_BUNDLE_IDENTIFIER = com.kaip598.TalkTalkTests;
				PRODUCT_NAME = "$(TARGET_NAME)";
				SWIFT_VERSION = 4.0;
				TARGETED_DEVICE_FAMILY = "1,2";
				TEST_HOST = "$(BUILT_PRODUCTS_DIR)/TalkTalk.app/TalkTalk";
			};
			name = Debug;
		};
		4DCE9F7D1FE216EA00A61070 /* Release */ = {
			isa = XCBuildConfiguration;
			baseConfigurationReference = 5A081D009280D94B80C0402E /* Pods-TalkTalkTests.release.xcconfig */;
			buildSettings = {
				ALWAYS_EMBED_SWIFT_STANDARD_LIBRARIES = YES;
				BUNDLE_LOADER = "$(TEST_HOST)";
				CODE_SIGN_STYLE = Automatic;
				INFOPLIST_FILE = TalkTalkTests/Info.plist;
				LD_RUNPATH_SEARCH_PATHS = "$(inherited) @executable_path/Frameworks @loader_path/Frameworks";
				PRODUCT_BUNDLE_IDENTIFIER = com.kaip598.TalkTalkTests;
				PRODUCT_NAME = "$(TARGET_NAME)";
				SWIFT_VERSION = 4.0;
				TARGETED_DEVICE_FAMILY = "1,2";
				TEST_HOST = "$(BUILT_PRODUCTS_DIR)/TalkTalk.app/TalkTalk";
			};
			name = Release;
		};
/* End XCBuildConfiguration section */

/* Begin XCConfigurationList section */
		4DCE9F561FE216EA00A61070 /* Build configuration list for PBXProject "TalkTalk" */ = {
			isa = XCConfigurationList;
			buildConfigurations = (
				4DCE9F761FE216EA00A61070 /* Debug */,
				4DCE9F771FE216EA00A61070 /* Release */,
			);
			defaultConfigurationIsVisible = 0;
			defaultConfigurationName = Release;
		};
		4DCE9F781FE216EA00A61070 /* Build configuration list for PBXNativeTarget "TalkTalk" */ = {
			isa = XCConfigurationList;
			buildConfigurations = (
				4DCE9F791FE216EA00A61070 /* Debug */,
				4DCE9F7A1FE216EA00A61070 /* Release */,
			);
			defaultConfigurationIsVisible = 0;
			defaultConfigurationName = Release;
		};
		4DCE9F7B1FE216EA00A61070 /* Build configuration list for PBXNativeTarget "TalkTalkTests" */ = {
			isa = XCConfigurationList;
			buildConfigurations = (
				4DCE9F7C1FE216EA00A61070 /* Debug */,
				4DCE9F7D1FE216EA00A61070 /* Release */,
			);
			defaultConfigurationIsVisible = 0;
			defaultConfigurationName = Release;
		};
/* End XCConfigurationList section */
	};
	rootObject = 4DCE9F531FE216EA00A61070 /* Project object */;
}
